---
- name: create webserver
  hosts: all
  become: true
  tasks: 
  - block:
    - name: ensure httpd is installed
      yum:
       name: httpd
       state: present

    - name: ensure httpd is started
      service:
       name: httpdd
       state: started

    - name: enable httpd in firewall
      firewalld:
       service: http
       state: enabled
       permanent: true
       immediate: true
    
    - name: put content in index.html
      copy:
       content: "hello world\n"
       dest: /var/www/html/index.html
    
    rescue:
    - name: remove httpd
      yum:
       name: httpd
       state: absent

    always:
    - name: print message
      debug:
       msg: Hello

- name: is webserver available
  hosts: all
  become: true
  tasks:
  - name: check webserver
    uri:
     url: http://{{ ansible_host }}
     return_content: true
    register: webserver_content
 
  - name: print variable
    debug:
     var: webserver_content

  - name: my webserver is running
    debug:
     msg: webserver is coming
    when: webserver_content.status==200
